
Microsoft Visual Studio Solution File, Format Version 12.00
# Visual Studio 15
VisualStudioVersion = 15.0.27004.2010
MinimumVisualStudioVersion = 10.0.40219.1
Project("{FAE04EC0-301F-11D3-BF4B-00C04F79EFBC}") = "MusicPower", "MusicPower\MusicPower.csproj", "{852E1CFF-410E-4BCA-8D9A-6A8D903BC053}"
EndProject
Project("{FAE04EC0-301F-11D3-BF4B-00C04F79EFBC}") = "APIConsumer", "APIConsumer\APIConsumer.csproj", "{83D4326D-60E8-413C-85D8-328DD3E7648F}"
EndProject
Global
	GlobalSection(SolutionConfigurationPlatforms) = preSolution
		Debug|Any CPU = Debug|Any CPU
		Release|Any CPU = Release|Any CPU
	EndGlobalSection
	GlobalSection(ProjectConfigurationPlatforms) = postSolution
		{852E1CFF-410E-4BCA-8D9A-6A8D903BC053}.Debug|Any CPU.ActiveCfg = Debug|Any CPU
		{852E1CFF-410E-4BCA-8D9A-6A8D903BC053}.Debug|Any CPU.Build.0 = Debug|Any CPU
		{852E1CFF-410E-4BCA-8D9A-6A8D903BC053}.Release|Any CPU.ActiveCfg = Release|Any CPU
		{852E1CFF-410E-4BCA-8D9A-6A8D903BC053}.Release|Any CPU.Build.0 = Release|Any CPU
		{83D4326D-60E8-413C-85D8-328DD3E7648F}.Debug|Any CPU.ActiveCfg = Debug|Any CPU
		{83D4326D-60E8-413C-85D8-328DD3E7648F}.Debug|Any CPU.Build.0 = Debug|Any CPU
		{83D4326D-60E8-413C-85D8-328DD3E7648F}.Release|Any CPU.ActiveCfg = Release|Any CPU
		{83D4326D-60E8-413C-85D8-328DD3E7648F}.Release|Any CPU.Build.0 = Release|Any CPU
	EndGlobalSection
	GlobalSection(SolutionProperties) = preSolution
		HideSolutionNode = FALSE
	EndGlobalSection
	GlobalSection(ExtensibilityGlobals) = postSolution
		SolutionGuid = {3578C07E-0CEC-4512-9F2A-AA1A74FF8021}
	EndGlobalSection
EndGlobal
